
Microsoft Visual Studio Solution File, Format Version 12.00
# Visual Studio 15
VisualStudioVersion = 15.0.27004.2010
MinimumVisualStudioVersion = 10.0.40219.1
Project("{FAE04EC0-301F-11D3-BF4B-00C04F79EFBC}") = "MPLeaderProcess", "MPLeaderProcess\MPLeaderProcess.csproj", "{3C020AFD-34EF-462F-A2AB-138748D12660}"
EndProject
Global
	GlobalSection(SolutionConfigurationPlatforms) = preSolution
		Debug|Any CPU = Debug|Any CPU
		Release|Any CPU = Release|Any CPU
	EndGlobalSection
	GlobalSection(ProjectConfigurationPlatforms) = postSolution
		{3C020AFD-34EF-462F-A2AB-138748D12660}.Debug|Any CPU.ActiveCfg = Debug|Any CPU
		{3C020AFD-34EF-462F-A2AB-138748D12660}.Debug|Any CPU.Build.0 = Debug|Any CPU
		{3C020AFD-34EF-462F-A2AB-138748D12660}.Release|Any CPU.ActiveCfg = Release|Any CPU
		{3C020AFD-34EF-462F-A2AB-138748D12660}.Release|Any CPU.Build.0 = Release|Any CPU
	EndGlobalSection
	GlobalSection(SolutionProperties) = preSolution
		HideSolutionNode = FALSE
	EndGlobalSection
	GlobalSection(ExtensibilityGlobals) = postSolution
		SolutionGuid = {615D0005-9809-4B71-A93D-58C5B7A4E772}
	EndGlobalSection
EndGlobal
