
Microsoft Visual Studio Solution File, Format Version 12.00
# Visual Studio 15
VisualStudioVersion = 15.0.27130.2036
MinimumVisualStudioVersion = 10.0.40219.1
Project("{FAE04EC0-301F-11D3-BF4B-00C04F79EFBC}") = "ProducerConsumer", "ProducerConsumer\ProducerConsumer.csproj", "{FF1320D2-6434-4746-B721-3FAACAFEA3BC}"
EndProject
Global
	GlobalSection(SolutionConfigurationPlatforms) = preSolution
		Debug|Any CPU = Debug|Any CPU
		Release|Any CPU = Release|Any CPU
	EndGlobalSection
	GlobalSection(ProjectConfigurationPlatforms) = postSolution
		{FF1320D2-6434-4746-B721-3FAACAFEA3BC}.Debug|Any CPU.ActiveCfg = Debug|Any CPU
		{FF1320D2-6434-4746-B721-3FAACAFEA3BC}.Debug|Any CPU.Build.0 = Debug|Any CPU
		{FF1320D2-6434-4746-B721-3FAACAFEA3BC}.Release|Any CPU.ActiveCfg = Release|Any CPU
		{FF1320D2-6434-4746-B721-3FAACAFEA3BC}.Release|Any CPU.Build.0 = Release|Any CPU
	EndGlobalSection
	GlobalSection(SolutionProperties) = preSolution
		HideSolutionNode = FALSE
	EndGlobalSection
	GlobalSection(ExtensibilityGlobals) = postSolution
		SolutionGuid = {15271AE4-826C-44E5-8879-FC9B18CCE659}
	EndGlobalSection
EndGlobal
